PODS:
  - Flutter (1.0.0)
  - libwebp (1.5.0):
    - libwebp/demux (= 1.5.0)
    - libwebp/mux (= 1.5.0)
    - libwebp/sharpyuv (= 1.5.0)
    - libwebp/webp (= 1.5.0)
  - libwebp/demux (1.5.0):
    - libwebp/webp
  - libwebp/mux (1.5.0):
    - libwebp/demux
  - libwebp/sharpyuv (1.5.0)
  - libwebp/webp (1.5.0):
    - libwebp/sharpyuv
  - video_thumbnail_gdx_plus (0.5.6):
    - Flutter
    - libwebp

DEPENDENCIES:
  - Flutter (from `Flutter`)
  - video_thumbnail_gdx_plus (from `.symlinks/plugins/video_thumbnail_gdx_plus/ios`)

SPEC REPOS:
  trunk:
    - libwebp

EXTERNAL SOURCES:
  Flutter:
    :path: Flutter
  video_thumbnail_gdx_plus:
    :path: ".symlinks/plugins/video_thumbnail_gdx_plus/ios"

SPEC CHECKSUMS:
  Flutter: cabc95a1d2626b1b06e7179b784ebcf0c0cde467
  libwebp: 02b23773aedb6ff1fd38cec7a77b81414c6842a8
  video_thumbnail_gdx_plus: c6bc8825f144a07ba878e1409ced7ec8e90b0297

PODFILE CHECKSUM: 5c8eb167e48255b7544ab290f70b4d6a1076ca06

COCOAPODS: 1.16.2
